{
  "projects": [
    {
      "projectId": "suVPi77vb6vv9K5rYJwyxC",
      "version": "latest",
      "dependencies": {
        "9Vr5YWkf3w7jj6SsTcCEta": "0.11.0",
        "5dGW8Awro3qq8Hh5MveXLP": "1.25.0",
        "caTPwKxj5ZrD9LQ7DMdK4Z": "3.38.0",
        "ohDidvG9XsCeFumugENU3J": "6.26.0",
        "58GpZjZCWTaJ8AUhpCwt2K": "3.26.0",
        "8PtdGodUbexNYgkuyBUcWu": "3.25.0",
        "mqxdhm5p6WHAt7hW1mdcCX": "0.3.0",
        "hjKYmYi6HMwK6TRyk7ew5R": "6.40.0",
        "28Ba3BDvRe7EiWdfFNnLB6": "2.36.0",
        "jkU633o1Cz7HrJdwdxhVHk": "16.11.0",
        "kpio2pzukKRJkKg6SSrKTe": "0.1.0"
      },
      "lang": "ts",
      "fileLocks": [
        {
          "type": "globalVariant",
          "assetId": "KJSwBjzDnHmQ",
          "checksum": "ec4dbacdb7fbefcc6b9a9de1cbc387a5"
        },
        {
          "assetId": "suVPi77vb6vv9K5rYJwyxC",
          "checksum": "1102b7d64e22dfc8433000cc5efeaeb1",
          "type": "globalContexts"
        },
        {
          "type": "renderModule",
          "assetId": "BgvgssdMaksd",
          "checksum": "b92c4f6f91e9d5736b1f349bc1d9a50c"
        },
        {
          "type": "cssRules",
          "assetId": "BgvgssdMaksd",
          "checksum": "b92c4f6f91e9d5736b1f349bc1d9a50c"
        },
        {
          "type": "renderModule",
          "assetId": "NBtsgCHuOYPZ",
          "checksum": "8e8225f303640762b0cd29acfa83280c"
        },
        {
          "type": "cssRules",
          "assetId": "NBtsgCHuOYPZ",
          "checksum": "8e8225f303640762b0cd29acfa83280c"
        },
        {
          "type": "renderModule",
          "assetId": "TB3wx1w_IrFj",
          "checksum": "a489a3f4951d93d2bfacfefa91668464"
        },
        {
          "type": "cssRules",
          "assetId": "TB3wx1w_IrFj",
          "checksum": "a489a3f4951d93d2bfacfefa91668464"
        },
        {
          "type": "renderModule",
          "assetId": "sxxS2rEPgX_V",
          "checksum": "0c931d9369954b45788aa646923096f9"
        },
        {
          "type": "cssRules",
          "assetId": "sxxS2rEPgX_V",
          "checksum": "0c931d9369954b45788aa646923096f9"
        },
        {
          "type": "renderModule",
          "assetId": "VIXeRGB2_Dyv",
          "checksum": "428f60335f57028ade6476b267c8ec8e"
        },
        {
          "type": "cssRules",
          "assetId": "VIXeRGB2_Dyv",
          "checksum": "428f60335f57028ade6476b267c8ec8e"
        },
        {
          "type": "renderModule",
          "assetId": "jRRQtDe8tllq",
          "checksum": "9db904b5bc0111c97aa5479a3e008674"
        },
        {
          "type": "cssRules",
          "assetId": "jRRQtDe8tllq",
          "checksum": "9db904b5bc0111c97aa5479a3e008674"
        },
        {
          "type": "renderModule",
          "assetId": "4dA70KmcJjpi",
          "checksum": "3eee75d5a0cb365372669066f08ab55a"
        },
        {
          "type": "cssRules",
          "assetId": "4dA70KmcJjpi",
          "checksum": "3eee75d5a0cb365372669066f08ab55a"
        },
        {
          "type": "renderModule",
          "assetId": "4ZMXsYxj3bW8",
          "checksum": "4d2d9026a914a98562295f2c7abb9f0b"
        },
        {
          "type": "cssRules",
          "assetId": "4ZMXsYxj3bW8",
          "checksum": "4d2d9026a914a98562295f2c7abb9f0b"
        },
        {
          "type": "renderModule",
          "assetId": "ErJEaLhimwjN",
          "checksum": "54a84b142b90e2de6e18c957e61abf04"
        },
        {
          "type": "cssRules",
          "assetId": "ErJEaLhimwjN",
          "checksum": "54a84b142b90e2de6e18c957e61abf04"
        },
        {
          "type": "icon",
          "assetId": "rMWZc9fpVIkj",
          "checksum": "0dfa2dd3154b7021249fc9ac22967c25"
        },
        {
          "type": "icon",
          "assetId": "EwJmqOfKx7up",
          "checksum": "3d4519f187fd9cc5e26fc87bb0da78e8"
        },
        {
          "type": "renderModule",
          "assetId": "cOSV4CnhD7mN",
          "checksum": "8946c66e9876f7843c3dcb556c64ca0b"
        },
        {
          "type": "cssRules",
          "assetId": "cOSV4CnhD7mN",
          "checksum": "8946c66e9876f7843c3dcb556c64ca0b"
        },
        {
          "type": "icon",
          "assetId": "Hrcd2gLhG27X",
          "checksum": "c8a72add3fe7bf379384248eb94edb2e"
        },
        {
          "type": "renderModule",
          "assetId": "66ihQPjKw_0A",
          "checksum": "1efd7cf3015e7b6cc2686d204143d0db"
        },
        {
          "type": "cssRules",
          "assetId": "66ihQPjKw_0A",
          "checksum": "1efd7cf3015e7b6cc2686d204143d0db"
        },
        {
          "type": "icon",
          "assetId": "Up_IU2WZLnua",
          "checksum": "860687b8732d5fbc02faa115b79330e8"
        },
        {
          "type": "renderModule",
          "assetId": "YNaBK8DkP1Hu",
          "checksum": "59eb6ee0dcae643148d3f866fa9dfaf7"
        },
        {
          "type": "cssRules",
          "assetId": "YNaBK8DkP1Hu",
          "checksum": "59eb6ee0dcae643148d3f866fa9dfaf7"
        },
        {
          "type": "icon",
          "assetId": "g2Wd0rn3Z11c",
          "checksum": "d13286516c87aef254f90c6f56042b00"
        },
        {
          "type": "icon",
          "assetId": "REtJo3bdbdAT",
          "checksum": "ae53f16d31547dd434fcb81e051bdd8b"
        },
        {
          "type": "image",
          "assetId": "g2m6GnkNCLhd",
          "checksum": "308a6f62c323f90f21516c0f928645e5"
        },
        {
          "type": "globalVariant",
          "assetId": "6BYTLjmha8vC",
          "checksum": "d53cb713201b97b8013c15f608c8712b"
        },
        {
          "type": "renderModule",
          "assetId": "TOxGOz1ONYz_",
          "checksum": "be0ef2f93a8c0561474d7d5bef4bd649"
        },
        {
          "type": "cssRules",
          "assetId": "TOxGOz1ONYz_",
          "checksum": "be0ef2f93a8c0561474d7d5bef4bd649"
        },
        {
          "type": "renderModule",
          "assetId": "ofUp1AS5glz5",
          "checksum": "1b19637a9bb257618b31c15f25fb3b54"
        },
        {
          "type": "cssRules",
          "assetId": "ofUp1AS5glz5",
          "checksum": "1b19637a9bb257618b31c15f25fb3b54"
        },
        {
          "type": "renderModule",
          "assetId": "2qiQ4nSmOYBA",
          "checksum": "7d0cb82b0a30dfac1164a1a5a9843e79"
        },
        {
          "type": "cssRules",
          "assetId": "2qiQ4nSmOYBA",
          "checksum": "7d0cb82b0a30dfac1164a1a5a9843e79"
        },
        {
          "type": "renderModule",
          "assetId": "XLWl_YcBNVp7",
          "checksum": "7323f18d8f87cd69af1c88c8dc0bf82a"
        },
        {
          "type": "cssRules",
          "assetId": "XLWl_YcBNVp7",
          "checksum": "7323f18d8f87cd69af1c88c8dc0bf82a"
        },
        {
          "type": "renderModule",
          "assetId": "RkqUeSl2AMb8",
          "checksum": "346e8b8aa7dddb40e88c75f1e7a43235"
        },
        {
          "type": "cssRules",
          "assetId": "RkqUeSl2AMb8",
          "checksum": "346e8b8aa7dddb40e88c75f1e7a43235"
        },
        {
          "type": "renderModule",
          "assetId": "rrvRSiS3qm7y",
          "checksum": "b2a557e3f508fb9a9d4fdc9313e7709f"
        },
        {
          "type": "cssRules",
          "assetId": "rrvRSiS3qm7y",
          "checksum": "b2a557e3f508fb9a9d4fdc9313e7709f"
        },
        {
          "type": "renderModule",
          "assetId": "yohgcniRcj2Q",
          "checksum": "1c4f78597fc7a6095449a3ccc15e94b2"
        },
        {
          "type": "cssRules",
          "assetId": "yohgcniRcj2Q",
          "checksum": "1c4f78597fc7a6095449a3ccc15e94b2"
        },
        {
          "type": "renderModule",
          "assetId": "Y_p0qKIshDe1",
          "checksum": "7ad8900e0db05315bc77794b187e603f"
        },
        {
          "type": "cssRules",
          "assetId": "Y_p0qKIshDe1",
          "checksum": "7ad8900e0db05315bc77794b187e603f"
        },
        {
          "type": "renderModule",
          "assetId": "lND8zILZyJfu",
          "checksum": "49a6ddddbdd8b78dab4aa127ce7a998f"
        },
        {
          "type": "cssRules",
          "assetId": "lND8zILZyJfu",
          "checksum": "49a6ddddbdd8b78dab4aa127ce7a998f"
        },
        {
          "type": "renderModule",
          "assetId": "tYS7qTEXu2fL",
          "checksum": "bc6979d073096f4ab566d80b0cabc913"
        },
        {
          "type": "cssRules",
          "assetId": "tYS7qTEXu2fL",
          "checksum": "bc6979d073096f4ab566d80b0cabc913"
        },
        {
          "type": "renderModule",
          "assetId": "ICEDCae_eByz",
          "checksum": "d2ed4aa8ffcc3e6444e19ebac897b535"
        },
        {
          "type": "cssRules",
          "assetId": "ICEDCae_eByz",
          "checksum": "d2ed4aa8ffcc3e6444e19ebac897b535"
        },
        {
          "type": "icon",
          "assetId": "8spC6Q9XOGVd",
          "checksum": "778ae2e18d32e3294222f994b4a02418"
        },
        {
          "type": "icon",
          "assetId": "halWdf8bhZV9",
          "checksum": "62d99c80a230508ca2fead8e7387651e"
        },
        {
          "type": "icon",
          "assetId": "QcP3sT1bBj2d",
          "checksum": "517b0f1933662985819800acce1c05b5"
        },
        {
          "type": "icon",
          "assetId": "liLrwe8fcuIp",
          "checksum": "370333470e23d694810f1dbabf92de4c"
        },
        {
          "type": "icon",
          "assetId": "UbRafB34Z-K-",
          "checksum": "cbdaaaec6eac34d8a71f2c7f94f871e1"
        },
        {
          "type": "icon",
          "assetId": "vNd7Bv7M1aQC",
          "checksum": "4537e2d44d5d4fa8382477749b37a83a"
        },
        {
          "type": "icon",
          "assetId": "Q3Pe1WB-oirR",
          "checksum": "288b6145a9311c9796eb7e0e64439e41"
        },
        {
          "type": "image",
          "assetId": "k-t8lxtP0rJz",
          "checksum": "f576232bc2a67563055f3129606d73dd"
        },
        {
          "type": "image",
          "assetId": "Ia6T5rt86Frc",
          "checksum": "6ef911110f03adbf52b5cb91a67870d4"
        },
        {
          "type": "image",
          "assetId": "jrh9Woroc-D4",
          "checksum": "98ddb98535050290e79449c7f2d766e5"
        },
        {
          "type": "image",
          "assetId": "NZ8iuA4XtiLe",
          "checksum": "1c171f4f65d5ceff6d06d1592a89cb0b"
        },
        {
          "type": "renderModule",
          "assetId": "IYTV9bVTkPai",
          "checksum": "f002754c6231f50821f7568b56b53ac6"
        },
        {
          "type": "cssRules",
          "assetId": "IYTV9bVTkPai",
          "checksum": "f002754c6231f50821f7568b56b53ac6"
        },
        {
          "type": "renderModule",
          "assetId": "OtnhoECot57j",
          "checksum": "711e39b27e34ed1d18a5664755b0bc1b"
        },
        {
          "type": "cssRules",
          "assetId": "OtnhoECot57j",
          "checksum": "711e39b27e34ed1d18a5664755b0bc1b"
        },
        {
          "type": "icon",
          "assetId": "V1QgQzmgWP2T",
          "checksum": "8b8bb8d448a49d0e4729e1d3ab5a45f0"
        },
        {
          "type": "image",
          "assetId": "Gn0OJq_hp86R",
          "checksum": "e20dd0a4afd077c381250259c46e528e"
        },
        {
          "type": "renderModule",
          "assetId": "47YEdMGPo49m",
          "checksum": "8c4ad0727ce2323873481b47cd20421e"
        },
        {
          "type": "cssRules",
          "assetId": "47YEdMGPo49m",
          "checksum": "8c4ad0727ce2323873481b47cd20421e"
        },
        {
          "type": "icon",
          "assetId": "8DTE5iQ0tvze",
          "checksum": "11aa35402735eb138640d89368318e9a"
        },
        {
          "type": "renderModule",
          "assetId": "aqM8xdUvFVmZ",
          "checksum": "443eaf90cd360604703583a9549899c6"
        },
        {
          "type": "cssRules",
          "assetId": "aqM8xdUvFVmZ",
          "checksum": "443eaf90cd360604703583a9549899c6"
        },
        {
          "type": "icon",
          "assetId": "ErtRpkDu9Ve3",
          "checksum": "f6c96f53469516f01e8574d2ef513639"
        },
        {
          "type": "icon",
          "assetId": "xOMaWtcuO4fo",
          "checksum": "7d59e5f13dfb55045251cc45cc20aca2"
        },
        {
          "type": "icon",
          "assetId": "r-c9byRGfifF",
          "checksum": "a89ec77639913d9dfa0290044ee61624"
        },
        {
          "type": "icon",
          "assetId": "bTd1uEuZ9z9X",
          "checksum": "76ef64399487663c5afebbf00b6be01b"
        },
        {
          "type": "image",
          "assetId": "uaRIlbrGzC63",
          "checksum": "bf29eb75067515b3bb2d2242bf069b76"
        },
        {
          "type": "image",
          "assetId": "J8IdV8an0qnt",
          "checksum": "d48e6b7ace47a63f52eca74426c27b2f"
        },
        {
          "type": "renderModule",
          "assetId": "9CvmaDZqnu-C",
          "checksum": "dc3e4b4f1ed6bbf6b73e62b957b66a6c"
        },
        {
          "type": "cssRules",
          "assetId": "9CvmaDZqnu-C",
          "checksum": "dc3e4b4f1ed6bbf6b73e62b957b66a6c"
        },
        {
          "type": "renderModule",
          "assetId": "JBCCrVmIFPYL",
          "checksum": "a011dc4daa58dde0c2bf03682b9c6a60"
        },
        {
          "type": "cssRules",
          "assetId": "JBCCrVmIFPYL",
          "checksum": "a011dc4daa58dde0c2bf03682b9c6a60"
        },
        {
          "type": "renderModule",
          "assetId": "1ruheQLCU5pc",
          "checksum": "fde7ec11aa3395b0bef8c1bebf437bdc"
        },
        {
          "type": "cssRules",
          "assetId": "1ruheQLCU5pc",
          "checksum": "fde7ec11aa3395b0bef8c1bebf437bdc"
        },
        {
          "type": "icon",
          "assetId": "H9d2pdUvXD_1",
          "checksum": "32c1df703915755c3d11ba618e6b0c67"
        },
        {
          "type": "icon",
          "assetId": "Y3zLkgTKCyBY",
          "checksum": "c13fbaa11b4db9a9af302daf5d4e2a62"
        },
        {
          "type": "icon",
          "assetId": "y5SiQF8-_2TM",
          "checksum": "cf57a70bf702626d6cc189abe0df374e"
        },
        {
          "type": "image",
          "assetId": "6NjVtQH9-r_y",
          "checksum": "ffc2b9444e4cdcb08223dda8c9f4fe94"
        },
        {
          "type": "image",
          "assetId": "z9u453IWuqFZ",
          "checksum": "412c6b66eff929956f8b8855fcd437c2"
        },
        {
          "type": "renderModule",
          "assetId": "u78Ppal5dPeL",
          "checksum": "fb5d68565961ff215d17b7babbeded15"
        },
        {
          "type": "cssRules",
          "assetId": "u78Ppal5dPeL",
          "checksum": "fb5d68565961ff215d17b7babbeded15"
        },
        {
          "type": "renderModule",
          "assetId": "PDbEkiKHzqMX",
          "checksum": "2823109265c480c7298344a11b3d3e9c"
        },
        {
          "type": "cssRules",
          "assetId": "PDbEkiKHzqMX",
          "checksum": "2823109265c480c7298344a11b3d3e9c"
        },
        {
          "type": "icon",
          "assetId": "J7m4V2xX3axh",
          "checksum": "2b293564b483fe4d21929607abbe3594"
        },
        {
          "type": "image",
          "assetId": "ATaZjEVdEO_f",
          "checksum": "d951628607a5f007f01045def0410688"
        },
        {
          "type": "icon",
          "assetId": "JYHABEI9HtQe",
          "checksum": "661600f091133a22e4fa6948914fbf3e"
        },
        {
          "type": "icon",
          "assetId": "03X0usOEHK8l",
          "checksum": "18d4199bb4b31b398bcd8d8c58d63c78"
        },
        {
          "type": "icon",
          "assetId": "aKwdsTmflV4S",
          "checksum": "3914097e8dc1e9eb24a522a5e80a186a"
        },
        {
          "type": "icon",
          "assetId": "uVWC2f5sKg_c",
          "checksum": "38de156a21dfd6bde234db31b2861bbb"
        },
        {
          "type": "icon",
          "assetId": "3k3L6Q_pDBMb",
          "checksum": "448b69df8d2539f2c1a1e84b1098743d"
        },
        {
          "type": "icon",
          "assetId": "ZlBOcl4Z66lm",
          "checksum": "a1875d0e2730c4849fcd70629798a654"
        },
        {
          "type": "icon",
          "assetId": "32haUKsu6raY",
          "checksum": "42dc69b816cd236a5d87d75dcbf9ea8e"
        },
        {
          "type": "image",
          "assetId": "ontKcCxiG2V7",
          "checksum": "13267352a90e851abbed5d08fcaaf2f4"
        },
        {
          "type": "renderModule",
          "assetId": "YKiT8gl73-sD",
          "checksum": "fd057481dece729c5b9bda9cc89f1a07"
        },
        {
          "type": "cssRules",
          "assetId": "YKiT8gl73-sD",
          "checksum": "fd057481dece729c5b9bda9cc89f1a07"
        },
        {
          "type": "icon",
          "assetId": "3iiTmpS-_IX-",
          "checksum": "c760d48f4e3390c9f5f0d8e553a397a9"
        },
        {
          "type": "icon",
          "assetId": "3dtEf5Pd9666",
          "checksum": "83f56afd4ba9d59b0b9efae1824975ae"
        },
        {
          "type": "image",
          "assetId": "sQHssVykf86H",
          "checksum": "13705c1d5b7ad17c407066980a642be6"
        },
        {
          "type": "icon",
          "assetId": "XHEd0iacr6dw",
          "checksum": "4d70f95110bef679fb3b1d7ecf4f24c0"
        },
        {
          "type": "renderModule",
          "assetId": "xI5TnebPGhVr",
          "checksum": "a3a4c319e4b105d71a3692c487a88d7e"
        },
        {
          "type": "cssRules",
          "assetId": "xI5TnebPGhVr",
          "checksum": "a3a4c319e4b105d71a3692c487a88d7e"
        },
        {
          "type": "icon",
          "assetId": "MKSedampsAFw",
          "checksum": "63312c86b0065120d25b733a5f6e38b2"
        },
        {
          "type": "image",
          "assetId": "726PKQxnoMdo",
          "checksum": "b80138247819a96ca501965bbc670ef7"
        },
        {
          "type": "image",
          "assetId": "EwdFlxfFEODy",
          "checksum": "6fcc1fabe4df457f96b3e789009f74ba"
        },
        {
          "type": "renderModule",
          "assetId": "0x91e3BeeLCM",
          "checksum": "7b8bdb8320921c19042639b5be47a676"
        },
        {
          "type": "cssRules",
          "assetId": "0x91e3BeeLCM",
          "checksum": "7b8bdb8320921c19042639b5be47a676"
        },
        {
          "type": "icon",
          "assetId": "N8lACQIgd0OU",
          "checksum": "67034c192019242d6bd0b7be2b53ccd7"
        },
        {
          "type": "image",
          "assetId": "Rb_qnJoqOvWx",
          "checksum": "64783bd23e4cb4fd42381f2e9d242cf7"
        },
        {
          "type": "image",
          "assetId": "OFbB5g8eCPSr",
          "checksum": "badfb89b2de53f1e6ca498b1f3f4d182"
        },
        {
          "type": "image",
          "assetId": "O31B7YzSWLvx",
          "checksum": "f40e1376dfa22ac07b6799bcd34bd72a"
        },
        {
          "type": "image",
          "assetId": "E1B5jZkHLNgw",
          "checksum": "dae64fa480bd856377185c080ca04286"
        },
        {
          "type": "image",
          "assetId": "OyHkM0gQB0x6",
          "checksum": "0392a8e8b01afdfee1cab81a1d51814d"
        },
        {
          "assetId": "suVPi77vb6vv9K5rYJwyxC",
          "type": "projectCss",
          "checksum": "1a9d86cb11fdb3e577e987a2d0850f0e"
        }
      ],
      "codegenVersion": "0.0.1"
    },
    {
      "projectId": "9Vr5YWkf3w7jj6SsTcCEta",
      "version": "0.11.0",
      "dependencies": {},
      "lang": "ts",
      "fileLocks": [
        {
          "assetId": "9Vr5YWkf3w7jj6SsTcCEta",
          "type": "projectCss",
          "checksum": "e1ec850476829c38b0f9b6d4f7ac446a"
        }
      ],
      "codegenVersion": "0.0.1"
    },
    {
      "projectId": "5dGW8Awro3qq8Hh5MveXLP",
      "version": "1.25.0",
      "dependencies": {},
      "lang": "ts",
      "fileLocks": [
        {
          "assetId": "5dGW8Awro3qq8Hh5MveXLP",
          "type": "projectCss",
          "checksum": "208e7308eefeffa5d03c833e22ab6f90"
        }
      ],
      "codegenVersion": "0.0.1"
    },
    {
      "projectId": "58GpZjZCWTaJ8AUhpCwt2K",
      "version": "3.26.0",
      "dependencies": {},
      "lang": "ts",
      "fileLocks": [
        {
          "assetId": "58GpZjZCWTaJ8AUhpCwt2K",
          "type": "projectCss",
          "checksum": "fd84921cc10936e6ceb458c2ae01c4bd"
        }
      ],
      "codegenVersion": "0.0.1"
    },
    {
      "projectId": "ohDidvG9XsCeFumugENU3J",
      "version": "6.26.0",
      "dependencies": {},
      "lang": "ts",
      "fileLocks": [
        {
          "assetId": "ohDidvG9XsCeFumugENU3J",
          "checksum": "de0a0e65174a6a185a8f822af51c6bdd",
          "type": "globalContexts"
        },
        {
          "assetId": "ohDidvG9XsCeFumugENU3J",
          "type": "projectCss",
          "checksum": "fd83b730367fdbde2c69bc6cf31c2a3c"
        }
      ],
      "codegenVersion": "0.0.1"
    },
    {
      "projectId": "caTPwKxj5ZrD9LQ7DMdK4Z",
      "version": "3.38.0",
      "dependencies": {},
      "lang": "ts",
      "fileLocks": [
        {
          "assetId": "caTPwKxj5ZrD9LQ7DMdK4Z",
          "type": "projectCss",
          "checksum": "e1ec850476829c38b0f9b6d4f7ac446a"
        }
      ],
      "codegenVersion": "0.0.1"
    },
    {
      "projectId": "hjKYmYi6HMwK6TRyk7ew5R",
      "version": "6.40.0",
      "dependencies": {},
      "lang": "ts",
      "fileLocks": [
        {
          "assetId": "hjKYmYi6HMwK6TRyk7ew5R",
          "checksum": "ce1c1c4c2068f2505d175a1b6e17d26a",
          "type": "globalContexts"
        },
        {
          "assetId": "hjKYmYi6HMwK6TRyk7ew5R",
          "type": "projectCss",
          "checksum": "e76cee85e96cb3fff580d5552a47cfe4"
        }
      ],
      "codegenVersion": "0.0.1"
    },
    {
      "projectId": "mqxdhm5p6WHAt7hW1mdcCX",
      "version": "0.3.0",
      "dependencies": {},
      "lang": "ts",
      "fileLocks": [
        {
          "assetId": "mqxdhm5p6WHAt7hW1mdcCX",
          "type": "projectCss",
          "checksum": "e1ec850476829c38b0f9b6d4f7ac446a"
        }
      ],
      "codegenVersion": "0.0.1"
    },
    {
      "projectId": "8PtdGodUbexNYgkuyBUcWu",
      "version": "3.25.0",
      "dependencies": {},
      "lang": "ts",
      "fileLocks": [
        {
          "assetId": "8PtdGodUbexNYgkuyBUcWu",
          "checksum": "34a063f27f0b27a7d1d344bc6b5252c5",
          "type": "globalContexts"
        },
        {
          "assetId": "8PtdGodUbexNYgkuyBUcWu",
          "type": "projectCss",
          "checksum": "078b5be9aa4a8ea2a39b36c771c25aaa"
        }
      ],
      "codegenVersion": "0.0.1"
    },
    {
      "projectId": "28Ba3BDvRe7EiWdfFNnLB6",
      "version": "2.36.0",
      "dependencies": {},
      "lang": "ts",
      "fileLocks": [
        {
          "assetId": "28Ba3BDvRe7EiWdfFNnLB6",
          "type": "projectCss",
          "checksum": "e1ec850476829c38b0f9b6d4f7ac446a"
        }
      ],
      "codegenVersion": "0.0.1"
    },
    {
      "projectId": "jkU633o1Cz7HrJdwdxhVHk",
      "version": "16.11.0",
      "dependencies": {},
      "lang": "ts",
      "fileLocks": [
        {
          "assetId": "jkU633o1Cz7HrJdwdxhVHk",
          "type": "projectCss",
          "checksum": "0581d4378bb1604bb5fe3f65bb0a37de"
        }
      ],
      "codegenVersion": "0.0.1"
    },
    {
      "projectId": "kpio2pzukKRJkKg6SSrKTe",
      "version": "0.1.0",
      "dependencies": {},
      "lang": "ts",
      "fileLocks": [
        {
          "assetId": "kpio2pzukKRJkKg6SSrKTe",
          "type": "projectCss",
          "checksum": "e1ec850476829c38b0f9b6d4f7ac446a"
        }
      ],
      "codegenVersion": "0.0.1"
    }
  ],
  "cliVersion": "0.1.331"
}
