{
  "projects": [
    {
      "projectId": "suVPi77vb6vv9K5rYJwyxC",
      "version": "latest",
      "dependencies": {
        "9Vr5YWkf3w7jj6SsTcCEta": "0.10.0",
        "5dGW8Awro3qq8Hh5MveXLP": "1.24.0"
      },
      "lang": "ts",
      "fileLocks": [
        {
          "type": "globalVariant",
          "assetId": "KJSwBjzDnHmQ",
          "checksum": "ec4dbacdb7fbefcc6b9a9de1cbc387a5"
        },
        {
          "assetId": "suVPi77vb6vv9K5rYJwyxC",
          "checksum": "b1648be9684b54df0e25381f87ab8c28",
          "type": "globalContexts"
        },
        {
          "type": "renderModule",
          "assetId": "BgvgssdMaksd",
          "checksum": "2a401dd380e318f0444e62e6c0e77066"
        },
        {
          "type": "cssRules",
          "assetId": "BgvgssdMaksd",
          "checksum": "2a401dd380e318f0444e62e6c0e77066"
        },
        {
          "type": "renderModule",
          "assetId": "NBtsgCHuOYPZ",
          "checksum": "5e93f63151ce28c5e567413c32daaa8b"
        },
        {
          "type": "cssRules",
          "assetId": "NBtsgCHuOYPZ",
          "checksum": "5e93f63151ce28c5e567413c32daaa8b"
        },
        {
          "type": "renderModule",
          "assetId": "TB3wx1w_IrFj",
          "checksum": "b5afca4c9ddbd960a1b7a8e15f34b17d"
        },
        {
          "type": "cssRules",
          "assetId": "TB3wx1w_IrFj",
          "checksum": "b5afca4c9ddbd960a1b7a8e15f34b17d"
        },
        {
          "type": "renderModule",
          "assetId": "sxxS2rEPgX_V",
          "checksum": "6a7d3656a48134755d6138097189bc89"
        },
        {
          "type": "cssRules",
          "assetId": "sxxS2rEPgX_V",
          "checksum": "6a7d3656a48134755d6138097189bc89"
        },
        {
          "type": "renderModule",
          "assetId": "VIXeRGB2_Dyv",
          "checksum": "8982d48d303d336c22d1ae11029ce042"
        },
        {
          "type": "cssRules",
          "assetId": "VIXeRGB2_Dyv",
          "checksum": "8982d48d303d336c22d1ae11029ce042"
        },
        {
          "type": "renderModule",
          "assetId": "jRRQtDe8tllq",
          "checksum": "9f5d18a5860f06ad958f72e527fbba74"
        },
        {
          "type": "cssRules",
          "assetId": "jRRQtDe8tllq",
          "checksum": "9f5d18a5860f06ad958f72e527fbba74"
        },
        {
          "type": "renderModule",
          "assetId": "4dA70KmcJjpi",
          "checksum": "04bb636c229328b1a80ca0b38508f4c6"
        },
        {
          "type": "cssRules",
          "assetId": "4dA70KmcJjpi",
          "checksum": "04bb636c229328b1a80ca0b38508f4c6"
        },
        {
          "type": "renderModule",
          "assetId": "4ZMXsYxj3bW8",
          "checksum": "4a9f58acd7cc3012151a8654a9059a67"
        },
        {
          "type": "cssRules",
          "assetId": "4ZMXsYxj3bW8",
          "checksum": "4a9f58acd7cc3012151a8654a9059a67"
        },
        {
          "type": "renderModule",
          "assetId": "ErJEaLhimwjN",
          "checksum": "0535b5cad811df3f7ebb94255d34a3d8"
        },
        {
          "type": "cssRules",
          "assetId": "ErJEaLhimwjN",
          "checksum": "0535b5cad811df3f7ebb94255d34a3d8"
        },
        {
          "type": "icon",
          "assetId": "rMWZc9fpVIkj",
          "checksum": "0dfa2dd3154b7021249fc9ac22967c25"
        },
        {
          "type": "icon",
          "assetId": "EwJmqOfKx7up",
          "checksum": "3d4519f187fd9cc5e26fc87bb0da78e8"
        },
        {
          "type": "renderModule",
          "assetId": "cOSV4CnhD7mN",
          "checksum": "9efe4b6247ee93e4b67c026254e82125"
        },
        {
          "type": "cssRules",
          "assetId": "cOSV4CnhD7mN",
          "checksum": "9efe4b6247ee93e4b67c026254e82125"
        },
        {
          "type": "icon",
          "assetId": "Hrcd2gLhG27X",
          "checksum": "c8a72add3fe7bf379384248eb94edb2e"
        },
        {
          "type": "renderModule",
          "assetId": "66ihQPjKw_0A",
          "checksum": "8bf9e6ab87fd94c61c98c56a8565862d"
        },
        {
          "type": "cssRules",
          "assetId": "66ihQPjKw_0A",
          "checksum": "8bf9e6ab87fd94c61c98c56a8565862d"
        },
        {
          "type": "icon",
          "assetId": "Up_IU2WZLnua",
          "checksum": "860687b8732d5fbc02faa115b79330e8"
        },
        {
          "assetId": "suVPi77vb6vv9K5rYJwyxC",
          "type": "projectCss",
          "checksum": "725660be1811c18fcf0dd09d7a9084b0"
        },
        {
          "type": "renderModule",
          "assetId": "YNaBK8DkP1Hu",
          "checksum": "4bf49162a759a90b37b02d02cbd55912"
        },
        {
          "type": "cssRules",
          "assetId": "YNaBK8DkP1Hu",
          "checksum": "4bf49162a759a90b37b02d02cbd55912"
        },
        {
          "type": "icon",
          "assetId": "g2Wd0rn3Z11c",
          "checksum": "d13286516c87aef254f90c6f56042b00"
        },
        {
          "type": "icon",
          "assetId": "REtJo3bdbdAT",
          "checksum": "ae53f16d31547dd434fcb81e051bdd8b"
        },
        {
          "type": "image",
          "assetId": "g2m6GnkNCLhd",
          "checksum": "308a6f62c323f90f21516c0f928645e5"
        }
      ],
      "codegenVersion": "0.0.1"
    },
    {
      "projectId": "9Vr5YWkf3w7jj6SsTcCEta",
      "version": "0.10.0",
      "dependencies": {},
      "lang": "ts",
      "fileLocks": [
        {
          "assetId": "9Vr5YWkf3w7jj6SsTcCEta",
          "type": "projectCss",
          "checksum": "e1ec850476829c38b0f9b6d4f7ac446a"
        }
      ],
      "codegenVersion": "0.0.1"
    },
    {
      "projectId": "5dGW8Awro3qq8Hh5MveXLP",
      "version": "1.24.0",
      "dependencies": {},
      "lang": "ts",
      "fileLocks": [
        {
          "assetId": "5dGW8Awro3qq8Hh5MveXLP",
          "type": "projectCss",
          "checksum": "208e7308eefeffa5d03c833e22ab6f90"
        }
      ],
      "codegenVersion": "0.0.1"
    }
  ],
  "cliVersion": "0.1.331"
}
